
Microsoft Visual Studio Solution File, Format Version 12.00
# Visual Studio Version 16
VisualStudioVersion = 16.0.31702.278
MinimumVisualStudioVersion = 10.0.40219.1
Project("{FAE04EC0-301F-11D3-BF4B-00C04F79EFBC}") = "21_points", "21_points\21_points.csproj", "{F4B2505D-EEAC-4C72-848D-EB757BE03C89}"
EndProject
Global
	GlobalSection(SolutionConfigurationPlatforms) = preSolution
		Debug|Any CPU = Debug|Any CPU
		Release|Any CPU = Release|Any CPU
	EndGlobalSection
	GlobalSection(ProjectConfigurationPlatforms) = postSolution
		{F4B2505D-EEAC-4C72-848D-EB757BE03C89}.Debug|Any CPU.ActiveCfg = Debug|Any CPU
		{F4B2505D-EEAC-4C72-848D-EB757BE03C89}.Debug|Any CPU.Build.0 = Debug|Any CPU
		{F4B2505D-EEAC-4C72-848D-EB757BE03C89}.Release|Any CPU.ActiveCfg = Release|Any CPU
		{F4B2505D-EEAC-4C72-848D-EB757BE03C89}.Release|Any CPU.Build.0 = Release|Any CPU
	EndGlobalSection
	GlobalSection(SolutionProperties) = preSolution
		HideSolutionNode = FALSE
	EndGlobalSection
	GlobalSection(ExtensibilityGlobals) = postSolution
		SolutionGuid = {CDD99622-8913-4793-904D-8C7F0EC4E351}
	EndGlobalSection
EndGlobal
